
Microsoft Visual Studio Solution File, Format Version 12.00
# Visual Studio 14
VisualStudioVersion = 14.0.24720.0
MinimumVisualStudioVersion = 10.0.40219.1
Project("{8BC9CEB8-8B4A-11D0-8D11-00A0C91BC942}") = "Exer_01", "Exer_01\Exer_01.vcxproj", "{68B103F2-BCC0-4F43-84E7-B673D9C78ECB}"
EndProject
Project("{8BC9CEB8-8B4A-11D0-8D11-00A0C91BC942}") = "Exer_02", "Exer_02\Exer_02.vcxproj", "{581C78FD-17ED-43D7-9E7A-1DC3346B90F8}"
EndProject
Project("{8BC9CEB8-8B4A-11D0-8D11-00A0C91BC942}") = "Exer_03", "Exer_03\Exer_03.vcxproj", "{6B63BD17-6A6C-43FC-8637-21E27F5DB8AE}"
EndProject
Project("{8BC9CEB8-8B4A-11D0-8D11-00A0C91BC942}") = "FuncaoRecursiva", "FuncaoRecursiva\FuncaoRecursiva.vcxproj", "{9201DC10-95C2-41AB-85AF-47A90B4F665D}"
EndProject
Global
	GlobalSection(SolutionConfigurationPlatforms) = preSolution
		Debug|x64 = Debug|x64
		Debug|x86 = Debug|x86
		Release|x64 = Release|x64
		Release|x86 = Release|x86
	EndGlobalSection
	GlobalSection(ProjectConfigurationPlatforms) = postSolution
		{68B103F2-BCC0-4F43-84E7-B673D9C78ECB}.Debug|x64.ActiveCfg = Debug|x64
		{68B103F2-BCC0-4F43-84E7-B673D9C78ECB}.Debug|x64.Build.0 = Debug|x64
		{68B103F2-BCC0-4F43-84E7-B673D9C78ECB}.Debug|x86.ActiveCfg = Debug|Win32
		{68B103F2-BCC0-4F43-84E7-B673D9C78ECB}.Debug|x86.Build.0 = Debug|Win32
		{68B103F2-BCC0-4F43-84E7-B673D9C78ECB}.Release|x64.ActiveCfg = Release|x64
		{68B103F2-BCC0-4F43-84E7-B673D9C78ECB}.Release|x64.Build.0 = Release|x64
		{68B103F2-BCC0-4F43-84E7-B673D9C78ECB}.Release|x86.ActiveCfg = Release|Win32
		{68B103F2-BCC0-4F43-84E7-B673D9C78ECB}.Release|x86.Build.0 = Release|Win32
		{581C78FD-17ED-43D7-9E7A-1DC3346B90F8}.Debug|x64.ActiveCfg = Debug|x64
		{581C78FD-17ED-43D7-9E7A-1DC3346B90F8}.Debug|x64.Build.0 = Debug|x64
		{581C78FD-17ED-43D7-9E7A-1DC3346B90F8}.Debug|x86.ActiveCfg = Debug|Win32
		{581C78FD-17ED-43D7-9E7A-1DC3346B90F8}.Debug|x86.Build.0 = Debug|Win32
		{581C78FD-17ED-43D7-9E7A-1DC3346B90F8}.Release|x64.ActiveCfg = Release|x64
		{581C78FD-17ED-43D7-9E7A-1DC3346B90F8}.Release|x64.Build.0 = Release|x64
		{581C78FD-17ED-43D7-9E7A-1DC3346B90F8}.Release|x86.ActiveCfg = Release|Win32
		{581C78FD-17ED-43D7-9E7A-1DC3346B90F8}.Release|x86.Build.0 = Release|Win32
		{6B63BD17-6A6C-43FC-8637-21E27F5DB8AE}.Debug|x64.ActiveCfg = Debug|x64
		{6B63BD17-6A6C-43FC-8637-21E27F5DB8AE}.Debug|x64.Build.0 = Debug|x64
		{6B63BD17-6A6C-43FC-8637-21E27F5DB8AE}.Debug|x86.ActiveCfg = Debug|Win32
		{6B63BD17-6A6C-43FC-8637-21E27F5DB8AE}.Debug|x86.Build.0 = Debug|Win32
		{6B63BD17-6A6C-43FC-8637-21E27F5DB8AE}.Release|x64.ActiveCfg = Release|x64
		{6B63BD17-6A6C-43FC-8637-21E27F5DB8AE}.Release|x64.Build.0 = Release|x64
		{6B63BD17-6A6C-43FC-8637-21E27F5DB8AE}.Release|x86.ActiveCfg = Release|Win32
		{6B63BD17-6A6C-43FC-8637-21E27F5DB8AE}.Release|x86.Build.0 = Release|Win32
		{9201DC10-95C2-41AB-85AF-47A90B4F665D}.Debug|x64.ActiveCfg = Debug|x64
		{9201DC10-95C2-41AB-85AF-47A90B4F665D}.Debug|x64.Build.0 = Debug|x64
		{9201DC10-95C2-41AB-85AF-47A90B4F665D}.Debug|x86.ActiveCfg = Debug|Win32
		{9201DC10-95C2-41AB-85AF-47A90B4F665D}.Debug|x86.Build.0 = Debug|Win32
		{9201DC10-95C2-41AB-85AF-47A90B4F665D}.Release|x64.ActiveCfg = Release|x64
		{9201DC10-95C2-41AB-85AF-47A90B4F665D}.Release|x64.Build.0 = Release|x64
		{9201DC10-95C2-41AB-85AF-47A90B4F665D}.Release|x86.ActiveCfg = Release|Win32
		{9201DC10-95C2-41AB-85AF-47A90B4F665D}.Release|x86.Build.0 = Release|Win32
	EndGlobalSection
	GlobalSection(SolutionProperties) = preSolution
		HideSolutionNode = FALSE
	EndGlobalSection
EndGlobal
